{
    "_readme": [
        "This file locks the dependencies of your project to a known state",
        "Read more about it at https://getcomposer.org/doc/01-basic-usage.md#installing-dependencies",
        "This file is @generated automatically"
    ],
    "content-hash": "443f26ee84ba84faee7b48782b854881",
    "packages": [
        {
            "name": "greezlu/capsolver-php",
            "version": "0.9.2",
            "source": {
                "type": "git",
                "url": "https://github.com/greezlu/capsolver-php.git",
                "reference": "ed0682790f181deb0b39cedf857c71192b45963b"
            },
            "dist": {
                "type": "zip",
                "url": "https://api.github.com/repos/greezlu/capsolver-php/zipball/ed0682790f181deb0b39cedf857c71192b45963b",
                "reference": "ed0682790f181deb0b39cedf857c71192b45963b",
                "shasum": ""
            },
            "require": {
                "ext-curl": "*",
                "ext-json": "*",
                "php": ">=7.4"
            },
            "type": "library",
            "autoload": {
                "psr-4": {
                    "Capsolver\\": "src/"
                }
            },
            "notification-url": "https://packagist.org/downloads/",
            "license": [
                "MIT"
            ],
            "authors": [
                {
                    "name": "greezlu",
                    "email": "greezlu@gmail.com"
                }
            ],
            "support": {
                "issues": "https://github.com/greezlu/capsolver-php/issues",
                "source": "https://github.com/greezlu/capsolver-php/tree/v0.9.2"
            },
            "time": "2023-12-03T22:56:25+00:00"
        }
    ],
    "packages-dev": [],
    "aliases": [],
    "minimum-stability": "stable",
    "stability-flags": [],
    "prefer-stable": false,
    "prefer-lowest": false,
    "platform": [],
    "platform-dev": [],
    "plugin-api-version": "2.6.0"
}
